Microsoft Visual Studio Solution File, Format Version 12.00
# Visual Studio Version 17
VisualStudioVersion = 17.13.35919.96
MinimumVisualStudioVersion = 10.0.40219.1
Project("{FAE04EC0-301F-11D3-BF4B-00C04F79EFBC}") = "Bank", "Bank\Bank.csproj", "{51C5631D-C585-43DC-A3BA-700E28084D3D}"
EndProject
Project("{FAE04EC0-301F-11D3-BF4B-00C04F79EFBC}") = "BankTests", "BankTests\BankTests.csproj", "{8984C43F-7CFE-448A-9756-EA5ECED89B88}"
EndProject
Global
	GlobalSection(SolutionConfigurationPlatforms) = preSolution
		Debug|Any CPU = Debug|Any CPU
		Release|Any CPU = Release|Any CPU
	EndGlobalSection
	GlobalSection(ProjectConfigurationPlatforms) = postSolution
		{51C5631D-C585-43DC-A3BA-700E28084D3D}.Debug|Any CPU.ActiveCfg = Debug|Any CPU
		{51C5631D-C585-43DC-A3BA-700E28084D3D}.Debug|Any CPU.Build.0 = Debug|Any CPU
		{51C5631D-C585-43DC-A3BA-700E28084D3D}.Release|Any CPU.ActiveCfg = Release|Any CPU
		{51C5631D-C585-43DC-A3BA-700E28084D3D}.Release|Any CPU.Build.0 = Release|Any CPU
		{8984C43F-7CFE-448A-9756-EA5ECED89B88}.Debug|Any CPU.ActiveCfg = Debug|Any CPU
		{8984C43F-7CFE-448A-9756-EA5ECED89B88}.Debug|Any CPU.Build.0 = Debug|Any CPU
		{8984C43F-7CFE-448A-9756-EA5ECED89B88}.Release|Any CPU.ActiveCfg = Release|Any CPU
		{8984C43F-7CFE-448A-9756-EA5ECED89B88}.Release|Any CPU.Build.0 = Release|Any CPU
	EndGlobalSection
	GlobalSection(SolutionProperties) = preSolution
		HideSolutionNode = FALSE
	EndGlobalSection
	GlobalSection(ExtensibilityGlobals) = postSolution
		SolutionGuid = {459FD1AD-1929-4976-BF4C-53E5D62E4FCF}
	EndGlobalSection
EndGlobal
